
Microsoft Visual Studio Solution File, Format Version 12.00
# Visual Studio Version 16
VisualStudioVersion = 16.0.29326.143
MinimumVisualStudioVersion = 10.0.40219.1
Project("{2150E333-8FDC-42A3-9474-1A3956D46DE8}") = "src", "src", "{6D3497A0-339F-4545-86B8-7E015B468025}"
EndProject
Project("{2150E333-8FDC-42A3-9474-1A3956D46DE8}") = "tests", "tests", "{8AC3899F-4C0B-4EF6-AD2B-97D91FE107F5}"
	ProjectSection(SolutionItems) = preProject
		test\Directory.Build.props = test\Directory.Build.props
	EndProjectSection
EndProject
Project("{2150E333-8FDC-42A3-9474-1A3956D46DE8}") = "Solution Items", "Solution Items", "{A9D8D97C-B58E-4A12-A7FE-D93A71CFFB73}"
	ProjectSection(SolutionItems) = preProject
		.editorconfig = .editorconfig
		Directory.Build.props = Directory.Build.props
		README.md = README.md
		ShippingService.ruleset = ShippingService.ruleset
	EndProjectSection
EndProject
Project("{9A19103F-16F7-4668-BE54-9A1E7A4F7556}") = "ShippingService.Api", "src\ShippingService.Api\ShippingService.Api.csproj", "{19DC14DE-E5FB-4C15-B8C8-0011C874A89E}"
EndProject
Project("{9A19103F-16F7-4668-BE54-9A1E7A4F7556}") = "ShippingService.Core", "src\ShippingService.Core\ShippingService.Core.csproj", "{0D27F12A-5DB8-49D7-B9AE-44C15220E725}"
EndProject
Project("{9A19103F-16F7-4668-BE54-9A1E7A4F7556}") = "ShippingService.Db", "src\ShippingService.Db\ShippingService.Db.csproj", "{4A1528B6-1570-422D-9778-7391B1B9C0BC}"
EndProject
Project("{9A19103F-16F7-4668-BE54-9A1E7A4F7556}") = "ShippingService.Api.UnitTests", "test\ShippingService.Api.UnitTests\ShippingService.Api.UnitTests.csproj", "{44D48985-486E-4D0D-930C-ADC52962EFD4}"
EndProject
Project("{9A19103F-16F7-4668-BE54-9A1E7A4F7556}") = "ShippingService.Core.UnitTests", "test\ShippingService.Core.UnitTests\ShippingService.Core.UnitTests.csproj", "{5530768C-FA3D-4C89-8551-9154BDE79337}"
EndProject
Global
	GlobalSection(SolutionConfigurationPlatforms) = preSolution
		Debug|Any CPU = Debug|Any CPU
		Release|Any CPU = Release|Any CPU
	EndGlobalSection
	GlobalSection(ProjectConfigurationPlatforms) = postSolution
		{19DC14DE-E5FB-4C15-B8C8-0011C874A89E}.Debug|Any CPU.ActiveCfg = Debug|Any CPU
		{19DC14DE-E5FB-4C15-B8C8-0011C874A89E}.Debug|Any CPU.Build.0 = Debug|Any CPU
		{19DC14DE-E5FB-4C15-B8C8-0011C874A89E}.Release|Any CPU.ActiveCfg = Release|Any CPU
		{19DC14DE-E5FB-4C15-B8C8-0011C874A89E}.Release|Any CPU.Build.0 = Release|Any CPU
		{0D27F12A-5DB8-49D7-B9AE-44C15220E725}.Debug|Any CPU.ActiveCfg = Debug|Any CPU
		{0D27F12A-5DB8-49D7-B9AE-44C15220E725}.Debug|Any CPU.Build.0 = Debug|Any CPU
		{0D27F12A-5DB8-49D7-B9AE-44C15220E725}.Release|Any CPU.ActiveCfg = Release|Any CPU
		{0D27F12A-5DB8-49D7-B9AE-44C15220E725}.Release|Any CPU.Build.0 = Release|Any CPU
		{4A1528B6-1570-422D-9778-7391B1B9C0BC}.Debug|Any CPU.ActiveCfg = Debug|Any CPU
		{4A1528B6-1570-422D-9778-7391B1B9C0BC}.Debug|Any CPU.Build.0 = Debug|Any CPU
		{4A1528B6-1570-422D-9778-7391B1B9C0BC}.Release|Any CPU.ActiveCfg = Release|Any CPU
		{4A1528B6-1570-422D-9778-7391B1B9C0BC}.Release|Any CPU.Build.0 = Release|Any CPU
		{44D48985-486E-4D0D-930C-ADC52962EFD4}.Debug|Any CPU.ActiveCfg = Debug|Any CPU
		{44D48985-486E-4D0D-930C-ADC52962EFD4}.Debug|Any CPU.Build.0 = Debug|Any CPU
		{44D48985-486E-4D0D-930C-ADC52962EFD4}.Release|Any CPU.ActiveCfg = Release|Any CPU
		{44D48985-486E-4D0D-930C-ADC52962EFD4}.Release|Any CPU.Build.0 = Release|Any CPU
		{5530768C-FA3D-4C89-8551-9154BDE79337}.Debug|Any CPU.ActiveCfg = Debug|Any CPU
		{5530768C-FA3D-4C89-8551-9154BDE79337}.Debug|Any CPU.Build.0 = Debug|Any CPU
		{5530768C-FA3D-4C89-8551-9154BDE79337}.Release|Any CPU.ActiveCfg = Release|Any CPU
		{5530768C-FA3D-4C89-8551-9154BDE79337}.Release|Any CPU.Build.0 = Release|Any CPU
	EndGlobalSection
	GlobalSection(SolutionProperties) = preSolution
		HideSolutionNode = FALSE
	EndGlobalSection
	GlobalSection(NestedProjects) = preSolution
		{19DC14DE-E5FB-4C15-B8C8-0011C874A89E} = {6D3497A0-339F-4545-86B8-7E015B468025}
		{0D27F12A-5DB8-49D7-B9AE-44C15220E725} = {6D3497A0-339F-4545-86B8-7E015B468025}
		{4A1528B6-1570-422D-9778-7391B1B9C0BC} = {6D3497A0-339F-4545-86B8-7E015B468025}
		{44D48985-486E-4D0D-930C-ADC52962EFD4} = {8AC3899F-4C0B-4EF6-AD2B-97D91FE107F5}
		{5530768C-FA3D-4C89-8551-9154BDE79337} = {8AC3899F-4C0B-4EF6-AD2B-97D91FE107F5}
	EndGlobalSection
	GlobalSection(ExtensibilityGlobals) = postSolution
		SolutionGuid = {FE6D8568-233C-4A49-84FF-2FE6C0DE238C}
	EndGlobalSection
EndGlobal
